
Microsoft Visual Studio Solution File, Format Version 12.00
# Visual Studio Version 17
VisualStudioVersion = 17.12.35707.178 d17.12
MinimumVisualStudioVersion = 10.0.40219.1
Project("{FAE04EC0-301F-11D3-BF4B-00C04F79EFBC}") = "Lumora_cosmitics", "Lumora_cosmitics\Lumora_cosmitics.csproj", "{A646C41F-358D-4702-8D5F-AEFAE596B4C3}"
EndProject
Project("{FAE04EC0-301F-11D3-BF4B-00C04F79EFBC}") = "Application", "Application\Application.csproj", "{01BDCFC0-3355-448A-B95C-A49E4791CD7B}"
EndProject
Project("{FAE04EC0-301F-11D3-BF4B-00C04F79EFBC}") = "Domain", "Domain\Domain.csproj", "{3EE97926-D6F6-4F5A-81AB-998709B2F78F}"
EndProject
Project("{FAE04EC0-301F-11D3-BF4B-00C04F79EFBC}") = "Infrastructure", "Infrastructure\Infrastructure.csproj", "{6C787EC5-4229-4FFF-83F9-D8C15BD682BC}"
EndProject
Project("{FAE04EC0-301F-11D3-BF4B-00C04F79EFBC}") = "Persistence", "Persistence\Persistence.csproj", "{AA56E0F4-106A-481B-A8EF-4F2669C178C8}"
EndProject
Project("{2150E333-8FDC-42A3-9474-1A3956D46DE8}") = "src", "src", "{8A435002-CDE6-4EF3-A826-B686B1B012FD}"
EndProject
Project("{FAE04EC0-301F-11D3-BF4B-00C04F79EFBC}") = "Presentation", "Presentation\Presentation.csproj", "{73E6CAE1-60E6-4A5F-9103-35B820A30F21}"
EndProject
Project("{2150E333-8FDC-42A3-9474-1A3956D46DE8}") = "test", "test", "{FDE508CC-C8D4-4A93-A7E5-9D4181FF7F44}"
EndProject
Project("{FAE04EC0-301F-11D3-BF4B-00C04F79EFBC}") = "UnitTest", "UnitTest\UnitTest.csproj", "{B460E8EC-9BAD-4867-BB35-98D29EEAC601}"
EndProject
Global
	GlobalSection(SolutionConfigurationPlatforms) = preSolution
		Debug|Any CPU = Debug|Any CPU
		Release|Any CPU = Release|Any CPU
	EndGlobalSection
	GlobalSection(ProjectConfigurationPlatforms) = postSolution
		{A646C41F-358D-4702-8D5F-AEFAE596B4C3}.Debug|Any CPU.ActiveCfg = Debug|Any CPU
		{A646C41F-358D-4702-8D5F-AEFAE596B4C3}.Debug|Any CPU.Build.0 = Debug|Any CPU
		{A646C41F-358D-4702-8D5F-AEFAE596B4C3}.Release|Any CPU.ActiveCfg = Release|Any CPU
		{A646C41F-358D-4702-8D5F-AEFAE596B4C3}.Release|Any CPU.Build.0 = Release|Any CPU
		{01BDCFC0-3355-448A-B95C-A49E4791CD7B}.Debug|Any CPU.ActiveCfg = Debug|Any CPU
		{01BDCFC0-3355-448A-B95C-A49E4791CD7B}.Debug|Any CPU.Build.0 = Debug|Any CPU
		{01BDCFC0-3355-448A-B95C-A49E4791CD7B}.Release|Any CPU.ActiveCfg = Release|Any CPU
		{01BDCFC0-3355-448A-B95C-A49E4791CD7B}.Release|Any CPU.Build.0 = Release|Any CPU
		{3EE97926-D6F6-4F5A-81AB-998709B2F78F}.Debug|Any CPU.ActiveCfg = Debug|Any CPU
		{3EE97926-D6F6-4F5A-81AB-998709B2F78F}.Debug|Any CPU.Build.0 = Debug|Any CPU
		{3EE97926-D6F6-4F5A-81AB-998709B2F78F}.Release|Any CPU.ActiveCfg = Release|Any CPU
		{3EE97926-D6F6-4F5A-81AB-998709B2F78F}.Release|Any CPU.Build.0 = Release|Any CPU
		{6C787EC5-4229-4FFF-83F9-D8C15BD682BC}.Debug|Any CPU.ActiveCfg = Debug|Any CPU
		{6C787EC5-4229-4FFF-83F9-D8C15BD682BC}.Debug|Any CPU.Build.0 = Debug|Any CPU
		{6C787EC5-4229-4FFF-83F9-D8C15BD682BC}.Release|Any CPU.ActiveCfg = Release|Any CPU
		{6C787EC5-4229-4FFF-83F9-D8C15BD682BC}.Release|Any CPU.Build.0 = Release|Any CPU
		{AA56E0F4-106A-481B-A8EF-4F2669C178C8}.Debug|Any CPU.ActiveCfg = Debug|Any CPU
		{AA56E0F4-106A-481B-A8EF-4F2669C178C8}.Debug|Any CPU.Build.0 = Debug|Any CPU
		{AA56E0F4-106A-481B-A8EF-4F2669C178C8}.Release|Any CPU.ActiveCfg = Release|Any CPU
		{AA56E0F4-106A-481B-A8EF-4F2669C178C8}.Release|Any CPU.Build.0 = Release|Any CPU
		{73E6CAE1-60E6-4A5F-9103-35B820A30F21}.Debug|Any CPU.ActiveCfg = Debug|Any CPU
		{73E6CAE1-60E6-4A5F-9103-35B820A30F21}.Debug|Any CPU.Build.0 = Debug|Any CPU
		{73E6CAE1-60E6-4A5F-9103-35B820A30F21}.Release|Any CPU.ActiveCfg = Release|Any CPU
		{73E6CAE1-60E6-4A5F-9103-35B820A30F21}.Release|Any CPU.Build.0 = Release|Any CPU
		{B460E8EC-9BAD-4867-BB35-98D29EEAC601}.Debug|Any CPU.ActiveCfg = Debug|Any CPU
		{B460E8EC-9BAD-4867-BB35-98D29EEAC601}.Debug|Any CPU.Build.0 = Debug|Any CPU
		{B460E8EC-9BAD-4867-BB35-98D29EEAC601}.Release|Any CPU.ActiveCfg = Release|Any CPU
		{B460E8EC-9BAD-4867-BB35-98D29EEAC601}.Release|Any CPU.Build.0 = Release|Any CPU
	EndGlobalSection
	GlobalSection(SolutionProperties) = preSolution
		HideSolutionNode = FALSE
	EndGlobalSection
	GlobalSection(NestedProjects) = preSolution
		{A646C41F-358D-4702-8D5F-AEFAE596B4C3} = {8A435002-CDE6-4EF3-A826-B686B1B012FD}
		{01BDCFC0-3355-448A-B95C-A49E4791CD7B} = {8A435002-CDE6-4EF3-A826-B686B1B012FD}
		{3EE97926-D6F6-4F5A-81AB-998709B2F78F} = {8A435002-CDE6-4EF3-A826-B686B1B012FD}
		{6C787EC5-4229-4FFF-83F9-D8C15BD682BC} = {8A435002-CDE6-4EF3-A826-B686B1B012FD}
		{AA56E0F4-106A-481B-A8EF-4F2669C178C8} = {8A435002-CDE6-4EF3-A826-B686B1B012FD}
		{73E6CAE1-60E6-4A5F-9103-35B820A30F21} = {8A435002-CDE6-4EF3-A826-B686B1B012FD}
		{B460E8EC-9BAD-4867-BB35-98D29EEAC601} = {FDE508CC-C8D4-4A93-A7E5-9D4181FF7F44}
	EndGlobalSection
EndGlobal
